# THIS IS AN AUTOGENERATED FILE. DO NOT EDIT THIS FILE DIRECTLY.
# yarn lockfile v1


"@vuepress/plugin-back-to-top@^1.0.0-alpha.22":
  version "1.0.0-alpha.22"
  resolved "https://registry.yarnpkg.com/@vuepress/plugin-back-to-top/-/plugin-back-to-top-1.0.0-alpha.22.tgz#995024e3e13a8e49b0ca49f642461a95dcf69a03"
  integrity sha512-KwWJR3Mi+nXV19FRlcC3MDq94y9MwA9enMNDPMRPofvZd5gnbJCw6SMMAMVDw46UwZLyspk5LcPk73jTvDXE0Q==
  dependencies:
    lodash.debounce "^4.0.8"

lodash.debounce@^4.0.8:
  version "4.0.8"
  resolved "https://registry.yarnpkg.com/lodash.debounce/-/lodash.debounce-4.0.8.tgz#82d79bff30a67c4005ffd5e2515300ad9ca4d7af"
  integrity sha1-gteb/zCmfEAF/9XiUVMArZyk168=
